hash: 17cd64da130318a39b46b304e67d467ed6954625c92cfb613a0c17a2fa2c5628
updated: 2016-11-29T16:40:12.552656844+01:00
imports:
- name: github.com/aristanetworks/goarista
  version: e24e1f7ed9e919cbb2820f302ae1107a23fc1858
  subpackages:
  - monotime
- name: github.com/davecgh/go-spew
  version: 346938d642f2ec3594ed81d874461961cd0faa76
  subpackages:
  - spew
- name: github.com/ethereum/go-ethereum
  version: 3363a1c2277ccd3aee9e05850accd8c50e016bfa
  subpackages:
  - common
  - common/hexutil
  - common/math
  - common/mclock
  - core/types
  - core/vm
  - crypto
  - crypto/ecies
  - crypto/randentropy
  - crypto/secp256k1
  - crypto/sha3
  - ethclient
  - ethdb
  - logger
  - logger/glog
  - metrics
  - p2p/discover
  - p2p/discv5
  - p2p/nat
  - p2p/netutil
  - params
  - rlp
  - rpc
  - trie
- name: github.com/golang/snappy
  version: d9eb7a3d35ec988b8585d4a0068e462c27d28380
- name: github.com/hashicorp/golang-lru
  version: 0a025b7e63adc15a622f29b0b2c4c3848243bbf6
  subpackages:
  - simplelru
- name: github.com/huin/goupnp
  version: 949b8a77532ae1076171f4d112a5eb41354cb340
  subpackages:
  - dcps/internetgateway1
  - dcps/internetgateway2
  - httpu
  - scpd
  - soap
  - ssdp
- name: github.com/influxdata/influxdb
  version: 0ea807dce1a250470c6aa4432575c50031318be8
  subpackages:
  - client/v2
  - models
  - pkg/escape
- name: github.com/jackpal/go-nat-pmp
  version: 1fa385a6f45828c83361136b45b1a21a12139493
- name: github.com/kouhin/envflag
  version: 0e9a8606164937a324853295ffa8e9803372e765
- name: github.com/rcrowley/go-metrics
  version: 1f30fe9094a513ce4c700b9a54458bbb0c96996c
  subpackages:
  - exp
- name: github.com/rs/cors
  version: a62a804a8a009876ca59105f7899938a1349f4b3
- name: github.com/rs/xhandler
  version: ed27b6fd65218132ee50cd95f38474a3d8a2cd12
- name: github.com/syndtr/goleveldb
  version: 6b4daa5362b502898ddf367c5c11deb9e7a5c727
  subpackages:
  - leveldb
  - leveldb/cache
  - leveldb/comparer
  - leveldb/errors
  - leveldb/filter
  - leveldb/iterator
  - leveldb/journal
  - leveldb/memdb
  - leveldb/opt
  - leveldb/storage
  - leveldb/table
  - leveldb/util
- name: golang.org/x/crypto
  version: 9477e0b78b9ac3d0b03822fd95422e2fe07627cd
  subpackages:
  - ripemd160
- name: golang.org/x/net
  version: 4971afdc2f162e82d185353533d3cf16188a9f4e
  subpackages:
  - context
  - html
  - html/atom
  - html/charset
  - websocket
- name: golang.org/x/text
  version: b01949dc0793a9af5e4cb3fce4d42999e76e8ca1
  subpackages:
  - encoding
  - encoding/charmap
  - encoding/htmlindex
  - encoding/internal
  - encoding/internal/identifier
  - encoding/japanese
  - encoding/korean
  - encoding/simplifiedchinese
  - encoding/traditionalchinese
  - encoding/unicode
  - internal/tag
  - internal/utf8internal
  - language
  - runes
  - transform
- name: gopkg.in/fatih/set.v0
  version: 27c40922c40b43fe04554d8223a402af3ea333f3
- name: gopkg.in/karalabe/cookiejar.v2
  version: 8dcd6a7f4951f6ff3ee9cbb919a06d8925822e57
  subpackages:
  - collections/prque
- name: gopkg.in/natefinch/npipe.v2
  version: c1b8fa8bdccecb0b8db834ee0b92fdbcfa606dd6
testImports: []
